<?xml version="1.0" encoding="utf-8"?>
<Project ToolsVersion="4.0" xmlns="http://schemas.microsoft.com/developer/msbuild/2003">
  <ItemGroup>
    <Filter Include="ソース ファイル">
      <UniqueIdentifier>{4FC737F1-C7A5-4376-A066-2A32D752A2FF}</UniqueIdentifier>
      <Extensions>cpp;c;cc;cxx;def;odl;idl;hpj;bat;asm;asmx</Extensions>
    </Filter>
    <Filter Include="ヘッダー ファイル">
      <UniqueIdentifier>{93995380-89BD-4b04-88EB-625FBE52EBFB}</UniqueIdentifier>
      <Extensions>h;hh;hpp;hxx;hm;inl;inc;ipp;xsd</Extensions>
    </Filter>
    <Filter Include="ソース ファイル\リュオン">
      <UniqueIdentifier>{c99b9f5d-e47b-4212-b2dc-05fdb0073e2e}</UniqueIdentifier>
    </Filter>
    <Filter Include="ソース ファイル\ナティ">
      <UniqueIdentifier>{7e254535-b83e-4c09-8c40-ac72bbb43b49}</UniqueIdentifier>
    </Filter>
    <Filter Include="ヘッダー ファイル\ナティ">
      <UniqueIdentifier>{eb218ab5-7a71-41b9-801a-cbb938092b51}</UniqueIdentifier>
    </Filter>
    <Filter Include="ヘッダー ファイル\リュオン">
      <UniqueIdentifier>{08a9574e-bf7b-4e87-882e-6b42442c2b5e}</UniqueIdentifier>
    </Filter>
    <Filter Include="リソース ファイル">
      <UniqueIdentifier>{67DA6AB6-F800-4c08-8B7A-83BB121AAD01}</UniqueIdentifier>
      <Extensions>rc;ico;cur;bmp;dlg;rc2;rct;bin;rgs;gif;jpg;jpeg;jpe;resx;tiff;tif;png;wav;mfcribbon-ms</Extensions>
    </Filter>
    <Filter Include="ソース ファイル\リュオン\Items">
      <UniqueIdentifier>{7ec24ddb-66a2-4cc9-8758-4cf5028303d8}</UniqueIdentifier>
    </Filter>
    <Filter Include="ヘッダー ファイル\リュオン\Items">
      <UniqueIdentifier>{5f5ad43b-e2ac-46f4-b10d-9c212ed8783c}</UniqueIdentifier>
    </Filter>
    <Filter Include="ヘッダー ファイル\リュオン\Enemies">
      <UniqueIdentifier>{4fe549f9-e26f-4cbd-86b0-9ed77d6aa2a9}</UniqueIdentifier>
    </Filter>
    <Filter Include="ソース ファイル\リュオン\Enemies">
      <UniqueIdentifier>{1b6fd694-0ba2-482d-b2ed-ea1cd0887d0c}</UniqueIdentifier>
    </Filter>
  </ItemGroup>
  <ItemGroup>
    <ResourceCompile Include="Resorce.rc">
      <Filter>リソース ファイル</Filter>
    </ResourceCompile>
  </ItemGroup>
  <ItemGroup>
    <ClCompile Include="CharacterSelect.cpp">
      <Filter>ソース ファイル\ナティ</Filter>
    </ClCompile>
    <ClCompile Include="CollisionControl.cpp">
      <Filter>ソース ファイル\リュオン</Filter>
    </ClCompile>
    <ClCompile Include="CollisionDetection.cpp">
      <Filter>ソース ファイル\リュオン</Filter>
    </ClCompile>
    <ClCompile Include="Data.cpp">
      <Filter>ソース ファイル\ナティ</Filter>
    </ClCompile>
    <ClCompile Include="EnemyShot.cpp">
      <Filter>ソース ファイル\リュオン</Filter>
    </ClCompile>
    <ClCompile Include="GameScene.cpp">
      <Filter>ソース ファイル\リュオン</Filter>
    </ClCompile>
    <ClCompile Include="Help.cpp">
      <Filter>ソース ファイル\ナティ</Filter>
    </ClCompile>
    <ClCompile Include="Main.cpp">
      <Filter>ソース ファイル\ナティ</Filter>
    </ClCompile>
    <ClCompile Include="Player.cpp">
      <Filter>ソース ファイル\ナティ</Filter>
    </ClCompile>
    <ClCompile Include="Random.cpp">
      <Filter>ソース ファイル\リュオン</Filter>
    </ClCompile>
    <ClCompile Include="SceneManager.cpp">
      <Filter>ソース ファイル\リュオン</Filter>
    </ClCompile>
    <ClCompile Include="Shooter.cpp">
      <Filter>ソース ファイル\ナティ</Filter>
    </ClCompile>
    <ClCompile Include="Sound.cpp">
      <Filter>ソース ファイル\ナティ</Filter>
    </ClCompile>
    <ClCompile Include="Vec2.cpp">
      <Filter>ソース ファイル\リュオン</Filter>
    </ClCompile>
    <ClCompile Include="Shot.cpp">
      <Filter>ソース ファイル\ナティ</Filter>
    </ClCompile>
    <ClCompile Include="Skill.cpp">
      <Filter>ソース ファイル\ナティ</Filter>
    </ClCompile>
    <ClCompile Include="StrLikeExcel.cpp">
      <Filter>ソース ファイル\ナティ</Filter>
    </ClCompile>
    <ClCompile Include="TitleScene.cpp">
      <Filter>ソース ファイル\リュオン</Filter>
    </ClCompile>
    <ClCompile Include="SceneBase.cpp">
      <Filter>ソース ファイル\リュオン</Filter>
    </ClCompile>
    <ClCompile Include="Gem.cpp">
      <Filter>ソース ファイル\リュオン\Items</Filter>
    </ClCompile>
    <ClCompile Include="ArchGolem.cpp">
      <Filter>ソース ファイル\リュオン\Enemies</Filter>
    </ClCompile>
    <ClCompile Include="Enemy.cpp">
      <Filter>ソース ファイル\リュオン\Enemies</Filter>
    </ClCompile>
    <ClCompile Include="Item.cpp">
      <Filter>ソース ファイル\リュオン\Items</Filter>
    </ClCompile>
    <ClCompile Include="ZakoEnemy.cpp">
      <Filter>ソース ファイル\リュオン\Enemies</Filter>
    </ClCompile>
    <ClCompile Include="Kuratas.cpp">
      <Filter>ソース ファイル\リュオン\Enemies</Filter>
    </ClCompile>
    <ClCompile Include="Golem.cpp">
      <Filter>ソース ファイル\リュオン\Enemies</Filter>
    </ClCompile>
  </ItemGroup>
  <ItemGroup>
    <ClInclude Include="CollisionCell.h">
      <Filter>ヘッダー ファイル\リュオン</Filter>
    </ClInclude>
    <ClInclude Include="CollisionControl.h">
      <Filter>ヘッダー ファイル\リュオン</Filter>
    </ClInclude>
    <ClInclude Include="CollisionDetection.h">
      <Filter>ヘッダー ファイル\リュオン</Filter>
    </ClInclude>
    <ClInclude Include="GameScene.h">
      <Filter>ヘッダー ファイル\リュオン</Filter>
    </ClInclude>
    <ClInclude Include="Random.h">
      <Filter>ヘッダー ファイル\リュオン</Filter>
    </ClInclude>
    <ClInclude Include="SceneManager.h">
      <Filter>ヘッダー ファイル\リュオン</Filter>
    </ClInclude>
    <ClInclude Include="CharacterSelect.h">
      <Filter>ヘッダー ファイル\ナティ</Filter>
    </ClInclude>
    <ClInclude Include="Data.h">
      <Filter>ヘッダー ファイル\ナティ</Filter>
    </ClInclude>
    <ClInclude Include="Help.h">
      <Filter>ヘッダー ファイル\ナティ</Filter>
    </ClInclude>
    <ClInclude Include="Main.h">
      <Filter>ヘッダー ファイル\ナティ</Filter>
    </ClInclude>
    <ClInclude Include="Player.h">
      <Filter>ヘッダー ファイル\ナティ</Filter>
    </ClInclude>
    <ClInclude Include="Shooter.h">
      <Filter>ヘッダー ファイル\ナティ</Filter>
    </ClInclude>
    <ClInclude Include="Vec2.h">
      <Filter>ヘッダー ファイル\リュオン</Filter>
    </ClInclude>
    <ClInclude Include="Shot.h">
      <Filter>ヘッダー ファイル\ナティ</Filter>
    </ClInclude>
    <ClInclude Include="Skill.h">
      <Filter>ヘッダー ファイル\ナティ</Filter>
    </ClInclude>
    <ClInclude Include="Sound.h">
      <Filter>ヘッダー ファイル\ナティ</Filter>
    </ClInclude>
    <ClInclude Include="StrLikeExcel.h">
      <Filter>ヘッダー ファイル\ナティ</Filter>
    </ClInclude>
    <ClInclude Include="TitleScene.h">
      <Filter>ヘッダー ファイル\リュオン</Filter>
    </ClInclude>
    <ClInclude Include="SceneBase.h">
      <Filter>ヘッダー ファイル\ナティ</Filter>
    </ClInclude>
    <ClInclude Include="ReadMe.h">
      <Filter>ヘッダー ファイル\ナティ</Filter>
    </ClInclude>
    <ClInclude Include="Gem.h">
      <Filter>ヘッダー ファイル\リュオン\Items</Filter>
    </ClInclude>
    <ClInclude Include="Enemy.h">
      <Filter>ヘッダー ファイル\リュオン\Enemies</Filter>
    </ClInclude>
    <ClInclude Include="Kuratas.h">
      <Filter>ヘッダー ファイル\リュオン\Enemies</Filter>
    </ClInclude>
    <ClInclude Include="Item.h">
      <Filter>ヘッダー ファイル\リュオン\Items</Filter>
    </ClInclude>
    <ClInclude Include="ArchGolem.h">
      <Filter>ヘッダー ファイル\リュオン\Enemies</Filter>
    </ClInclude>
    <ClInclude Include="Golem.h">
      <Filter>ヘッダー ファイル\リュオン\Enemies</Filter>
    </ClInclude>
    <ClInclude Include="ZakoEnemy.h">
      <Filter>ヘッダー ファイル\リュオン\Enemies</Filter>
    </ClInclude>
  </ItemGroup>
</Project>